// !$*UTF8*$!
{
	archiveVersion = 1;
	classes = {
	};
	objectVersion = 46;
	objects = {

/* Begin PBXBuildFile section */
		1414C8601A5D8C7400AE7077 /* main.m in Sources */ = {isa = PBXBuildFile; fileRef = 1414C85F1A5D8C7400AE7077 /* main.m */; };
		1414C8631A5D8C7400AE7077 /* AppDelegate.m in Sources */ = {isa = PBXBuildFile; fileRef = 1414C8621A5D8C7400AE7077 /* AppDelegate.m */; };
		1414C8661A5D8C7400AE7077 /* ViewController.m in Sources */ = {isa = PBXBuildFile; fileRef = 1414C8651A5D8C7400AE7077 /* ViewController.m */; };
		1414C8691A5D8C7400AE7077 /* Main.storyboard in Resources */ = {isa = PBXBuildFile; fileRef = 1414C8671A5D8C7400AE7077 /* Main.storyboard */; };
		1414C86B1A5D8C7400AE7077 /* Images.xcassets in Resources */ = {isa = PBXBuildFile; fileRef = 1414C86A1A5D8C7400AE7077 /* Images.xcassets */; };
		1414C86E1A5D8C7400AE7077 /* LaunchScreen.xib in Resources */ = {isa = PBXBuildFile; fileRef = 1414C86C1A5D8C7400AE7077 /* LaunchScreen.xib */; };
		1414C87A1A5D8C7400AE7077 /* SimpleCacheTests.m in Sources */ = {isa = PBXBuildFile; fileRef = 1414C8791A5D8C7400AE7077 /* SimpleCacheTests.m */; };
		1414C8881A5D946A00AE7077 /* SimpleCache.m in Sources */ = {isa = PBXBuildFile; fileRef = 1414C8871A5D946A00AE7077 /* SimpleCache.m */; };
/* End PBXBuildFile section */

/* Begin PBXContainerItemProxy section */
		1414C8741A5D8C7400AE7077 /* PBXContainerItemProxy */ = {
			isa = PBXContainerItemProxy;
			containerPortal = 1414C8521A5D8C7400AE7077 /* Project object */;
			proxyType = 1;
			remoteGlobalIDString = 1414C8591A5D8C7400AE7077;
			remoteInfo = SimpleCache;
		};
/* End PBXContainerItemProxy section */

/* Begin PBXFileReference section */
		1414C85A1A5D8C7400AE7077 /* SimpleCache.app */ = {isa = PBXFileReference; explicitFileType = wrapper.application; includeInIndex = 0; path = SimpleCache.app; sourceTree = BUILT_PRODUCTS_DIR; };
		1414C85E1A5D8C7400AE7077 /* Info.plist */ = {isa = PBXFileReference; lastKnownFileType = text.plist.xml; path = Info.plist; sourceTree = "<group>"; };
		1414C85F1A5D8C7400AE7077 /* main.m */ = {isa = PBXFileReference; lastKnownFileType = sourcecode.c.objc; path = main.m; sourceTree = "<group>"; };
		1414C8611A5D8C7400AE7077 /* AppDelegate.h */ = {isa = PBXFileReference; lastKnownFileType = sourcecode.c.h; path = AppDelegate.h; sourceTree = "<group>"; };
		1414C8621A5D8C7400AE7077 /* AppDelegate.m */ = {isa = PBXFileReference; lastKnownFileType = sourcecode.c.objc; path = AppDelegate.m; sourceTree = "<group>"; };
		1414C8641A5D8C7400AE7077 /* ViewController.h */ = {isa = PBXFileReference; lastKnownFileType = sourcecode.c.h; path = ViewController.h; sourceTree = "<group>"; };
		1414C8651A5D8C7400AE7077 /* ViewController.m */ = {isa = PBXFileReference; lastKnownFileType = sourcecode.c.objc; path = ViewController.m; sourceTree = "<group>"; };
		1414C8681A5D8C7400AE7077 /* Base */ = {isa = PBXFileReference; lastKnownFileType = file.storyboard; name = Base; path = Base.lproj/Main.storyboard; sourceTree = "<group>"; };
		1414C86A1A5D8C7400AE7077 /* Images.xcassets */ = {isa = PBXFileReference; lastKnownFileType = folder.assetcatalog; path = Images.xcassets; sourceTree = "<group>"; };
		1414C86D1A5D8C7400AE7077 /* Base */ = {isa = PBXFileReference; lastKnownFileType = file.xib; name = Base; path = Base.lproj/LaunchScreen.xib; sourceTree = "<group>"; };
		1414C8731A5D8C7400AE7077 /* SimpleCacheTests.xctest */ = {isa = PBXFileReference; explicitFileType = wrapper.cfbundle; includeInIndex = 0; path = SimpleCacheTests.xctest; sourceTree = BUILT_PRODUCTS_DIR; };
		1414C8781A5D8C7400AE7077 /* Info.plist */ = {isa = PBXFileReference; lastKnownFileType = text.plist.xml; path = Info.plist; sourceTree = "<group>"; };
		1414C8791A5D8C7400AE7077 /* SimpleCacheTests.m */ = {isa = PBXFileReference; lastKnownFileType = sourcecode.c.objc; path = SimpleCacheTests.m; sourceTree = "<group>"; };
		1414C8861A5D946A00AE7077 /* SimpleCache.h */ = {isa = PBXFileReference; fileEncoding = 4; lastKnownFileType = sourcecode.c.h; name = SimpleCache.h; path = Lib/SimpleCache.h; sourceTree = "<group>"; };
		1414C8871A5D946A00AE7077 /* SimpleCache.m */ = {isa = PBXFileReference; fileEncoding = 4; lastKnownFileType = sourcecode.c.objc; name = SimpleCache.m; path = Lib/SimpleCache.m; sourceTree = "<group>"; };
/* End PBXFileReference section */

/* Begin PBXFrameworksBuildPhase section */
		1414C8571A5D8C7400AE7077 /* Frameworks */ = {
			isa = PBXFrameworksBuildPhase;
			buildActionMask = 2147483647;
			files = (
			);
			runOnlyForDeploymentPostprocessing = 0;
		};
		1414C8701A5D8C7400AE7077 /* Frameworks */ = {
			isa = PBXFrameworksBuildPhase;
			buildActionMask = 2147483647;
			files = (
			);
			runOnlyForDeploymentPostprocessing = 0;
		};
/* End PBXFrameworksBuildPhase section */

/* Begin PBXGroup section */
		1414C8511A5D8C7400AE7077 = {
			isa = PBXGroup;
			children = (
				1414C8891A5D946E00AE7077 /* Lib */,
				1414C85C1A5D8C7400AE7077 /* SimpleCache */,
				1414C8761A5D8C7400AE7077 /* SimpleCacheTests */,
				1414C85B1A5D8C7400AE7077 /* Products */,
			);
			sourceTree = "<group>";
		};
		1414C85B1A5D8C7400AE7077 /* Products */ = {
			isa = PBXGroup;
			children = (
				1414C85A1A5D8C7400AE7077 /* SimpleCache.app */,
				1414C8731A5D8C7400AE7077 /* SimpleCacheTests.xctest */,
			);
			name = Products;
			sourceTree = "<group>";
		};
		1414C85C1A5D8C7400AE7077 /* SimpleCache */ = {
			isa = PBXGroup;
			children = (
				1414C8611A5D8C7400AE7077 /* AppDelegate.h */,
				1414C8621A5D8C7400AE7077 /* AppDelegate.m */,
				1414C8641A5D8C7400AE7077 /* ViewController.h */,
				1414C8651A5D8C7400AE7077 /* ViewController.m */,
				1414C8671A5D8C7400AE7077 /* Main.storyboard */,
				1414C86C1A5D8C7400AE7077 /* LaunchScreen.xib */,
				1414C86A1A5D8C7400AE7077 /* Images.xcassets */,
				1414C85D1A5D8C7400AE7077 /* Supporting Files */,
			);
			path = SimpleCache;
			sourceTree = "<group>";
		};
		1414C85D1A5D8C7400AE7077 /* Supporting Files */ = {
			isa = PBXGroup;
			children = (
				1414C85E1A5D8C7400AE7077 /* Info.plist */,
				1414C85F1A5D8C7400AE7077 /* main.m */,
			);
			name = "Supporting Files";
			sourceTree = "<group>";
		};
		1414C8761A5D8C7400AE7077 /* SimpleCacheTests */ = {
			isa = PBXGroup;
			children = (
				1414C8791A5D8C7400AE7077 /* SimpleCacheTests.m */,
				1414C8771A5D8C7400AE7077 /* Supporting Files */,
			);
			path = SimpleCacheTests;
			sourceTree = "<group>";
		};
		1414C8771A5D8C7400AE7077 /* Supporting Files */ = {
			isa = PBXGroup;
			children = (
				1414C8781A5D8C7400AE7077 /* Info.plist */,
			);
			name = "Supporting Files";
			sourceTree = "<group>";
		};
		1414C8891A5D946E00AE7077 /* Lib */ = {
			isa = PBXGroup;
			children = (
				1414C8861A5D946A00AE7077 /* SimpleCache.h */,
				1414C8871A5D946A00AE7077 /* SimpleCache.m */,
			);
			name = Lib;
			sourceTree = "<group>";
		};
/* End PBXGroup section */

/* Begin PBXNativeTarget section */
		1414C8591A5D8C7400AE7077 /* SimpleCache */ = {
			isa = PBXNativeTarget;
			buildConfigurationList = 1414C87D1A5D8C7400AE7077 /* Build configuration list for PBXNativeTarget "SimpleCache" */;
			buildPhases = (
				1414C8561A5D8C7400AE7077 /* Sources */,
				1414C8571A5D8C7400AE7077 /* Frameworks */,
				1414C8581A5D8C7400AE7077 /* Resources */,
			);
			buildRules = (
			);
			dependencies = (
			);
			name = SimpleCache;
			productName = SimpleCache;
			productReference = 1414C85A1A5D8C7400AE7077 /* SimpleCache.app */;
			productType = "com.apple.product-type.application";
		};
		1414C8721A5D8C7400AE7077 /* SimpleCacheTests */ = {
			isa = PBXNativeTarget;
			buildConfigurationList = 1414C8801A5D8C7400AE7077 /* Build configuration list for PBXNativeTarget "SimpleCacheTests" */;
			buildPhases = (
				1414C86F1A5D8C7400AE7077 /* Sources */,
				1414C8701A5D8C7400AE7077 /* Frameworks */,
				1414C8711A5D8C7400AE7077 /* Resources */,
			);
			buildRules = (
			);
			dependencies = (
				1414C8751A5D8C7400AE7077 /* PBXTargetDependency */,
			);
			name = SimpleCacheTests;
			productName = SimpleCacheTests;
			productReference = 1414C8731A5D8C7400AE7077 /* SimpleCacheTests.xctest */;
			productType = "com.apple.product-type.bundle.unit-test";
		};
/* End PBXNativeTarget section */

/* Begin PBXProject section */
		1414C8521A5D8C7400AE7077 /* Project object */ = {
			isa = PBXProject;
			attributes = {
				LastUpgradeCheck = 0610;
				ORGANIZATIONNAME = "kishikawa katsumi";
				TargetAttributes = {
					1414C8591A5D8C7400AE7077 = {
						CreatedOnToolsVersion = 6.1.1;
					};
					1414C8721A5D8C7400AE7077 = {
						CreatedOnToolsVersion = 6.1.1;
						TestTargetID = 1414C8591A5D8C7400AE7077;
					};
				};
			};
			buildConfigurationList = 1414C8551A5D8C7400AE7077 /* Build configuration list for PBXProject "SimpleCache" */;
			compatibilityVersion = "Xcode 3.2";
			developmentRegion = English;
			hasScannedForEncodings = 0;
			knownRegions = (
				en,
				Base,
			);
			mainGroup = 1414C8511A5D8C7400AE7077;
			productRefGroup = 1414C85B1A5D8C7400AE7077 /* Products */;
			projectDirPath = "";
			projectRoot = "";
			targets = (
				1414C8591A5D8C7400AE7077 /* SimpleCache */,
				1414C8721A5D8C7400AE7077 /* SimpleCacheTests */,
			);
		};
/* End PBXProject section */

/* Begin PBXResourcesBuildPhase section */
		1414C8581A5D8C7400AE7077 /* Resources */ = {
			isa = PBXResourcesBuildPhase;
			buildActionMask = 2147483647;
			files = (
				1414C8691A5D8C7400AE7077 /* Main.storyboard in Resources */,
				1414C86E1A5D8C7400AE7077 /* LaunchScreen.xib in Resources */,
				1414C86B1A5D8C7400AE7077 /* Images.xcassets in Resources */,
			);
			runOnlyForDeploymentPostprocessing = 0;
		};
		1414C8711A5D8C7400AE7077 /* Resources */ = {
			isa = PBXResourcesBuildPhase;
			buildActionMask = 2147483647;
			files = (
			);
			runOnlyForDeploymentPostprocessing = 0;
		};
/* End PBXResourcesBuildPhase section */

/* Begin PBXSourcesBuildPhase section */
		1414C8561A5D8C7400AE7077 /* Sources */ = {
			isa = PBXSourcesBuildPhase;
			buildActionMask = 2147483647;
			files = (
				1414C8661A5D8C7400AE7077 /* ViewController.m in Sources */,
				1414C8631A5D8C7400AE7077 /* AppDelegate.m in Sources */,
				1414C8881A5D946A00AE7077 /* SimpleCache.m in Sources */,
				1414C8601A5D8C7400AE7077 /* main.m in Sources */,
			);
			runOnlyForDeploymentPostprocessing = 0;
		};
		1414C86F1A5D8C7400AE7077 /* Sources */ = {
			isa = PBXSourcesBuildPhase;
			buildActionMask = 2147483647;
			files = (
				1414C87A1A5D8C7400AE7077 /* SimpleCacheTests.m in Sources */,
			);
			runOnlyForDeploymentPostprocessing = 0;
		};
/* End PBXSourcesBuildPhase section */

/* Begin PBXTargetDependency section */
		1414C8751A5D8C7400AE7077 /* PBXTargetDependency */ = {
			isa = PBXTargetDependency;
			target = 1414C8591A5D8C7400AE7077 /* SimpleCache */;
			targetProxy = 1414C8741A5D8C7400AE7077 /* PBXContainerItemProxy */;
		};
/* End PBXTargetDependency section */

/* Begin PBXVariantGroup section */
		1414C8671A5D8C7400AE7077 /* Main.storyboard */ = {
			isa = PBXVariantGroup;
			children = (
				1414C8681A5D8C7400AE7077 /* Base */,
			);
			name = Main.storyboard;
			sourceTree = "<group>";
		};
		1414C86C1A5D8C7400AE7077 /* LaunchScreen.xib */ = {
			isa = PBXVariantGroup;
			children = (
				1414C86D1A5D8C7400AE7077 /* Base */,
			);
			name = LaunchScreen.xib;
			sourceTree = "<group>";
		};
/* End PBXVariantGroup section */

/* Begin XCBuildConfiguration section */
		1414C87B1A5D8C7400AE7077 /* Debug */ = {
			isa = XCBuildConfiguration;
			buildSettings = {
				ALWAYS_SEARCH_USER_PATHS = NO;
				CLANG_CXX_LANGUAGE_STANDARD = "gnu++0x";
				CLANG_CXX_LIBRARY = "libc++";
				CLANG_ENABLE_MODULES = YES;
				CLANG_ENABLE_OBJC_ARC = YES;
				CLANG_WARN_BOOL_CONVERSION = YES;
				CLANG_WARN_CONSTANT_CONVERSION = YES;
				CLANG_WARN_DIRECT_OBJC_ISA_USAGE = YES_ERROR;
				CLANG_WARN_EMPTY_BODY = YES;
				CLANG_WARN_ENUM_CONVERSION = YES;
				CLANG_WARN_INT_CONVERSION = YES;
				CLANG_WARN_OBJC_ROOT_CLASS = YES_ERROR;
				CLANG_WARN_UNREACHABLE_CODE = YES;
				CLANG_WARN__DUPLICATE_METHOD_MATCH = YES;
				"CODE_SIGN_IDENTITY[sdk=iphoneos*]" = "iPhone Developer";
				COPY_PHASE_STRIP = NO;
				ENABLE_STRICT_OBJC_MSGSEND = YES;
				GCC_C_LANGUAGE_STANDARD = gnu99;
				GCC_DYNAMIC_NO_PIC = NO;
				GCC_OPTIMIZATION_LEVEL = 0;
				GCC_PREPROCESSOR_DEFINITIONS = (
					"DEBUG=1",
					"$(inherited)",
				);
				GCC_SYMBOLS_PRIVATE_EXTERN = NO;
				GCC_WARN_64_TO_32_BIT_CONVERSION = YES;
				GCC_WARN_ABOUT_RETURN_TYPE = YES_ERROR;
				GCC_WARN_UNDECLARED_SELECTOR = YES;
				GCC_WARN_UNINITIALIZED_AUTOS = YES_AGGRESSIVE;
				GCC_WARN_UNUSED_FUNCTION = YES;
				GCC_WARN_UNUSED_VARIABLE = YES;
				IPHONEOS_DEPLOYMENT_TARGET = 8.1;
				MTL_ENABLE_DEBUG_INFO = YES;
				ONLY_ACTIVE_ARCH = YES;
				SDKROOT = iphoneos;
			};
			name = Debug;
		};
		1414C87C1A5D8C7400AE7077 /* Release */ = {
			isa = XCBuildConfiguration;
			buildSettings = {
				ALWAYS_SEARCH_USER_PATHS = NO;
				CLANG_CXX_LANGUAGE_STANDARD = "gnu++0x";
				CLANG_CXX_LIBRARY = "libc++";
				CLANG_ENABLE_MODULES = YES;
				CLANG_ENABLE_OBJC_ARC = YES;
				CLANG_WARN_BOOL_CONVERSION = YES;
				CLANG_WARN_CONSTANT_CONVERSION = YES;
				CLANG_WARN_DIRECT_OBJC_ISA_USAGE = YES_ERROR;
				CLANG_WARN_EMPTY_BODY = YES;
				CLANG_WARN_ENUM_CONVERSION = YES;
				CLANG_WARN_INT_CONVERSION = YES;
				CLANG_WARN_OBJC_ROOT_CLASS = YES_ERROR;
				CLANG_WARN_UNREACHABLE_CODE = YES;
				CLANG_WARN__DUPLICATE_METHOD_MATCH = YES;
				"CODE_SIGN_IDENTITY[sdk=iphoneos*]" = "iPhone Developer";
				COPY_PHASE_STRIP = YES;
				ENABLE_NS_ASSERTIONS = NO;
				ENABLE_STRICT_OBJC_MSGSEND = YES;
				GCC_C_LANGUAGE_STANDARD = gnu99;
				GCC_WARN_64_TO_32_BIT_CONVERSION = YES;
				GCC_WARN_ABOUT_RETURN_TYPE = YES_ERROR;
				GCC_WARN_UNDECLARED_SELECTOR = YES;
				GCC_WARN_UNINITIALIZED_AUTOS = YES_AGGRESSIVE;
				GCC_WARN_UNUSED_FUNCTION = YES;
				GCC_WARN_UNUSED_VARIABLE = YES;
				IPHONEOS_DEPLOYMENT_TARGET = 8.1;
				MTL_ENABLE_DEBUG_INFO = NO;
				SDKROOT = iphoneos;
				VALIDATE_PRODUCT = YES;
			};
			name = Release;
		};
		1414C87E1A5D8C7400AE7077 /* Debug */ = {
			isa = XCBuildConfiguration;
			buildSettings = {
				ASSETCATALOG_COMPILER_APPICON_NAME = AppIcon;
				INFOPLIST_FILE = SimpleCache/Info.plist;
				LD_RUNPATH_SEARCH_PATHS = "$(inherited) @executable_path/Frameworks";
				PRODUCT_NAME = "$(TARGET_NAME)";
			};
			name = Debug;
		};
		1414C87F1A5D8C7400AE7077 /* Release */ = {
			isa = XCBuildConfiguration;
			buildSettings = {
				ASSETCATALOG_COMPILER_APPICON_NAME = AppIcon;
				INFOPLIST_FILE = SimpleCache/Info.plist;
				LD_RUNPATH_SEARCH_PATHS = "$(inherited) @executable_path/Frameworks";
				PRODUCT_NAME = "$(TARGET_NAME)";
			};
			name = Release;
		};
		1414C8811A5D8C7400AE7077 /* Debug */ = {
			isa = XCBuildConfiguration;
			buildSettings = {
				BUNDLE_LOADER = "$(TEST_HOST)";
				FRAMEWORK_SEARCH_PATHS = (
					"$(SDKROOT)/Developer/Library/Frameworks",
					"$(inherited)",
				);
				GCC_PREPROCESSOR_DEFINITIONS = (
					"DEBUG=1",
					"$(inherited)",
				);
				INFOPLIST_FILE = SimpleCacheTests/Info.plist;
				LD_RUNPATH_SEARCH_PATHS = "$(inherited) @executable_path/Frameworks @loader_path/Frameworks";
				PRODUCT_NAME = "$(TARGET_NAME)";
				TEST_HOST = "$(BUILT_PRODUCTS_DIR)/SimpleCache.app/SimpleCache";
			};
			name = Debug;
		};
		1414C8821A5D8C7400AE7077 /* Release */ = {
			isa = XCBuildConfiguration;
			buildSettings = {
				BUNDLE_LOADER = "$(TEST_HOST)";
				FRAMEWORK_SEARCH_PATHS = (
					"$(SDKROOT)/Developer/Library/Frameworks",
					"$(inherited)",
				);
				INFOPLIST_FILE = SimpleCacheTests/Info.plist;
				LD_RUNPATH_SEARCH_PATHS = "$(inherited) @executable_path/Frameworks @loader_path/Frameworks";
				PRODUCT_NAME = "$(TARGET_NAME)";
				TEST_HOST = "$(BUILT_PRODUCTS_DIR)/SimpleCache.app/SimpleCache";
			};
			name = Release;
		};
/* End XCBuildConfiguration section */

/* Begin XCConfigurationList section */
		1414C8551A5D8C7400AE7077 /* Build configuration list for PBXProject "SimpleCache" */ = {
			isa = XCConfigurationList;
			buildConfigurations = (
				1414C87B1A5D8C7400AE7077 /* Debug */,
				1414C87C1A5D8C7400AE7077 /* Release */,
			);
			defaultConfigurationIsVisible = 0;
			defaultConfigurationName = Release;
		};
		1414C87D1A5D8C7400AE7077 /* Build configuration list for PBXNativeTarget "SimpleCache" */ = {
			isa = XCConfigurationList;
			buildConfigurations = (
				1414C87E1A5D8C7400AE7077 /* Debug */,
				1414C87F1A5D8C7400AE7077 /* Release */,
			);
			defaultConfigurationIsVisible = 0;
		};
		1414C8801A5D8C7400AE7077 /* Build configuration list for PBXNativeTarget "SimpleCacheTests" */ = {
			isa = XCConfigurationList;
			buildConfigurations = (
				1414C8811A5D8C7400AE7077 /* Debug */,
				1414C8821A5D8C7400AE7077 /* Release */,
			);
			defaultConfigurationIsVisible = 0;
		};
/* End XCConfigurationList section */
	};
	rootObject = 1414C8521A5D8C7400AE7077 /* Project object */;
}
